PODS:
  - Flutter (1.0.0)
  - ouisync_plugin (0.0.1):
    - Flutter

DEPENDENCIES:
  - Flutter (from `Flutter`)
  - ouisync_plugin (from `.symlinks/plugins/ouisync_plugin/ios`)

EXTERNAL SOURCES:
  Flutter:
    :path: Flutter
  ouisync_plugin:
    :path: ".symlinks/plugins/ouisync_plugin/ios"

SPEC CHECKSUMS:
  Flutter: 434fef37c0980e73bb6479ef766c45957d4b510c
  ouisync_plugin: 21e4468be60337686fc93003315ca445888a62ae

PODFILE CHECKSUM: aafe91acc616949ddb318b77800a7f51bffa2a4c

COCOAPODS: 1.10.1
